{
  "name": "wechat-realtime",
  "version": "1.0.0",
  "lockfileVersion": 2,
  "requires": true,
  "packages": {
    "": {
      "name": "wechat-realtime",
      "version": "1.0.0",
      "license": "ISC",
      "dependencies": {
        "supabase-wechat-stable": "^0.2.3"
      }
    },
    "node_modules/phoenix": {
      "version": "1.7.0-rc.2",
      "resolved": "https://registry.npmjs.org/phoenix/-/phoenix-1.7.0-rc.2.tgz",
      "integrity": "sha512-05DaSo/ws2VtieY3Z6CJVx36DyhTil6/KesK1a4JlQPxYgNHZn7swv7R/R7etoN8SGtEjMV/a9HBkPS5wF/Xdg=="
    },
    "node_modules/supabase-wechat-stable": {
      "version": "0.2.3",
      "resolved": "https://registry.npmjs.org/supabase-wechat-stable/-/supabase-wechat-stable-0.2.3.tgz",
      "integrity": "sha512-YtLvrvb3nbCJuBCbZJ11I0e1hnZqroFMG82lWcSguM4N9u3KF7KGmfj3xOZPegjNyEgdrLk1OCm71r/DucqxKw==",
      "dependencies": {
        "phoenix": "^1.7.0-rc.2",
        "wefetch": "^1.3.6"
      }
    },
    "node_modules/wefetch": {
      "version": "1.3.6",
      "resolved": "https://registry.npmjs.org/wefetch/-/wefetch-1.3.6.tgz",
      "integrity": "sha512-LSKY1Z3iur4hAAALYDtgGZafM8SelXJeU9ygNOdvmnp4xKAbPUZc+ZcFe/aP8wsObEnyGghbXFwriAYPG9RCXw=="
    }
  },
  "dependencies": {
    "phoenix": {
      "version": "1.7.0-rc.2",
      "resolved": "https://registry.npmjs.org/phoenix/-/phoenix-1.7.0-rc.2.tgz",
      "integrity": "sha512-05DaSo/ws2VtieY3Z6CJVx36DyhTil6/KesK1a4JlQPxYgNHZn7swv7R/R7etoN8SGtEjMV/a9HBkPS5wF/Xdg=="
    },
    "supabase-wechat-stable": {
      "version": "0.2.3",
      "resolved": "https://registry.npmjs.org/supabase-wechat-stable/-/supabase-wechat-stable-0.2.3.tgz",
      "integrity": "sha512-YtLvrvb3nbCJuBCbZJ11I0e1hnZqroFMG82lWcSguM4N9u3KF7KGmfj3xOZPegjNyEgdrLk1OCm71r/DucqxKw==",
      "requires": {
        "phoenix": "^1.7.0-rc.2",
        "wefetch": "^1.3.6"
      }
    },
    "wefetch": {
      "version": "1.3.6",
      "resolved": "https://registry.npmjs.org/wefetch/-/wefetch-1.3.6.tgz",
      "integrity": "sha512-LSKY1Z3iur4hAAALYDtgGZafM8SelXJeU9ygNOdvmnp4xKAbPUZc+ZcFe/aP8wsObEnyGghbXFwriAYPG9RCXw=="
    }
  }
}
